{
    "_readme": [
        "This file locks the dependencies of your project to a known state",
        "Read more about it at https://getcomposer.org/doc/01-basic-usage.md#installing-dependencies",
        "This file is @generated automatically"
    ],
    "content-hash": "f3f9aee4b7489d0ecb39e281d29782b1",
    "packages": [
        {
            "name": "pocketmine/binaryutils",
            "version": "0.1.13",
            "source": {
                "type": "git",
                "url": "https://github.com/pmmp/BinaryUtils.git",
                "reference": "0abee38d4e2861621f262c79a2a3d699d8a697f4"
            },
            "dist": {
                "type": "zip",
                "url": "https://api.github.com/repos/pmmp/BinaryUtils/zipball/0abee38d4e2861621f262c79a2a3d699d8a697f4",
                "reference": "0abee38d4e2861621f262c79a2a3d699d8a697f4",
                "shasum": ""
            },
            "require": {
                "php": "^7.2 || ^8.0",
                "php-64bit": "*"
            },
            "require-dev": {
                "phpstan/extension-installer": "^1.0",
                "phpstan/phpstan": "0.12.67",
                "phpstan/phpstan-strict-rules": "^0.12.4"
            },
            "type": "library",
            "autoload": {
                "psr-4": {
                    "pocketmine\\utils\\": "src/"
                }
            },
            "notification-url": "https://packagist.org/downloads/",
            "license": [
                "LGPL-3.0"
            ],
            "description": "Classes and methods for conveniently handling binary data",
            "support": {
                "issues": "https://github.com/pmmp/BinaryUtils/issues",
                "source": "https://github.com/pmmp/BinaryUtils/tree/0.1.13"
            },
            "time": "2021-01-15T14:19:13+00:00"
        },
        {
            "name": "pocketmine/math",
            "version": "0.2.6",
            "source": {
                "type": "git",
                "url": "https://github.com/pmmp/Math.git",
                "reference": "43057cb8c179a9859677b496a788db922fd5cfc3"
            },
            "dist": {
                "type": "zip",
                "url": "https://api.github.com/repos/pmmp/Math/zipball/43057cb8c179a9859677b496a788db922fd5cfc3",
                "reference": "43057cb8c179a9859677b496a788db922fd5cfc3",
                "shasum": ""
            },
            "require": {
                "php": "^7.2 || ^8.0",
                "php-64bit": "*"
            },
            "require-dev": {
                "phpstan/extension-installer": "^1.0",
                "phpstan/phpstan": "0.12.67",
                "phpstan/phpstan-strict-rules": "^0.12.4"
            },
            "type": "library",
            "autoload": {
                "psr-4": {
                    "pocketmine\\math\\": "src/"
                }
            },
            "notification-url": "https://packagist.org/downloads/",
            "license": [
                "LGPL-3.0"
            ],
            "description": "PHP library containing math related code used in PocketMine-MP",
            "support": {
                "issues": "https://github.com/pmmp/Math/issues",
                "source": "https://github.com/pmmp/Math/tree/0.2.6"
            },
            "time": "2021-01-15T14:25:11+00:00"
        },
        {
            "name": "pocketmine/nbt",
            "version": "0.2.19",
            "source": {
                "type": "git",
                "url": "https://github.com/pmmp/NBT.git",
                "reference": "8567c65e8e099c2f7436cfea3d886b3dcd332283"
            },
            "dist": {
                "type": "zip",
                "url": "https://api.github.com/repos/pmmp/NBT/zipball/8567c65e8e099c2f7436cfea3d886b3dcd332283",
                "reference": "8567c65e8e099c2f7436cfea3d886b3dcd332283",
                "shasum": ""
            },
            "require": {
                "ext-zlib": "*",
                "php": "^7.2 || ^8.0",
                "php-64bit": "*",
                "pocketmine/binaryutils": "^0.1.9"
            },
            "require-dev": {
                "irstea/phpunit-shim": "^7.5 || ^8.0",
                "phpstan/extension-installer": "^1.0",
                "phpstan/phpstan": "0.12.85",
                "phpstan/phpstan-strict-rules": "^0.12.4"
            },
            "type": "library",
            "autoload": {
                "psr-4": {
                    "pocketmine\\nbt\\": "src/"
                }
            },
            "notification-url": "https://packagist.org/downloads/",
            "license": [
                "LGPL-3.0"
            ],
            "description": "PHP library for working with Named Binary Tags",
            "support": {
                "issues": "https://github.com/pmmp/NBT/issues",
                "source": "https://github.com/pmmp/NBT/tree/0.2.19"
            },
            "time": "2021-12-16T01:15:41+00:00"
        }
    ],
    "packages-dev": [],
    "aliases": [],
    "minimum-stability": "stable",
    "stability-flags": [],
    "prefer-stable": false,
    "prefer-lowest": false,
    "platform": {
        "php": "^8.0"
    },
    "platform-dev": [],
    "plugin-api-version": "2.3.0"
}
